
Microsoft Visual Studio Solution File, Format Version 12.00
# Visual Studio 14
VisualStudioVersion = 14.0.25420.1
MinimumVisualStudioVersion = 10.0.40219.1
Project("{FAE04EC0-301F-11D3-BF4B-00C04F79EFBC}") = "HelloWorld", "HelloWorld\HelloWorld.csproj", "{69324F93-963D-41B8-9F63-EDA902F502B7}"
EndProject
Project("{2150E333-8FDC-42A3-9474-1A3956D46DE8}") = "Solution Items", "Solution Items", "{2506C9E4-E677-4634-843A-69288FE8B46D}"
	ProjectSection(SolutionItems) = preProject
		README.md = README.md
	EndProjectSection
EndProject
Project("{FAE04EC0-301F-11D3-BF4B-00C04F79EFBC}") = "HelloWorld.Tests", "HelloWorld.Tests\HelloWorld.Tests.csproj", "{EE73D937-DA08-4282-93B4-6999A8BF653D}"
EndProject
Global
	GlobalSection(SolutionConfigurationPlatforms) = preSolution
		Debug|Any CPU = Debug|Any CPU
		Release|Any CPU = Release|Any CPU
	EndGlobalSection
	GlobalSection(ProjectConfigurationPlatforms) = postSolution
		{69324F93-963D-41B8-9F63-EDA902F502B7}.Debug|Any CPU.ActiveCfg = Debug|Any CPU
		{69324F93-963D-41B8-9F63-EDA902F502B7}.Debug|Any CPU.Build.0 = Debug|Any CPU
		{69324F93-963D-41B8-9F63-EDA902F502B7}.Release|Any CPU.ActiveCfg = Release|Any CPU
		{69324F93-963D-41B8-9F63-EDA902F502B7}.Release|Any CPU.Build.0 = Release|Any CPU
		{EE73D937-DA08-4282-93B4-6999A8BF653D}.Debug|Any CPU.ActiveCfg = Debug|Any CPU
		{EE73D937-DA08-4282-93B4-6999A8BF653D}.Debug|Any CPU.Build.0 = Debug|Any CPU
		{EE73D937-DA08-4282-93B4-6999A8BF653D}.Release|Any CPU.ActiveCfg = Release|Any CPU
		{EE73D937-DA08-4282-93B4-6999A8BF653D}.Release|Any CPU.Build.0 = Release|Any CPU
	EndGlobalSection
	GlobalSection(SolutionProperties) = preSolution
		HideSolutionNode = FALSE
	EndGlobalSection
EndGlobal
